
Microsoft Visual Studio Solution File, Format Version 12.00
# Visual Studio Version 17
VisualStudioVersion = 17.0.31903.59
MinimumVisualStudioVersion = 10.0.40219.1
Project("{FAE04EC0-301F-11D3-BF4B-00C04F79EFBC}") = "CaeserEncryption", "CaeserEncryption\CaeserEncryption.csproj", "{4852FE5D-0250-4680-A998-450C6B95364F}"
EndProject
Global
	GlobalSection(SolutionConfigurationPlatforms) = preSolution
		Debug|Any CPU = Debug|Any CPU
		Release|Any CPU = Release|Any CPU
	EndGlobalSection
	GlobalSection(ProjectConfigurationPlatforms) = postSolution
		{4852FE5D-0250-4680-A998-450C6B95364F}.Debug|Any CPU.ActiveCfg = Debug|Any CPU
		{4852FE5D-0250-4680-A998-450C6B95364F}.Debug|Any CPU.Build.0 = Debug|Any CPU
		{4852FE5D-0250-4680-A998-450C6B95364F}.Release|Any CPU.ActiveCfg = Release|Any CPU
		{4852FE5D-0250-4680-A998-450C6B95364F}.Release|Any CPU.Build.0 = Release|Any CPU
	EndGlobalSection
	GlobalSection(SolutionProperties) = preSolution
		HideSolutionNode = FALSE
	EndGlobalSection
	GlobalSection(ExtensibilityGlobals) = postSolution
		SolutionGuid = {E57B115F-295C-4648-8D42-4B9E7264835B}
	EndGlobalSection
EndGlobal
